// !$*UTF8*$!
{
	archiveVersion = 1;
	classes = {
	};
	objectVersion = 50;
	objects = {

/* Begin PBXBuildFile section */
		8E32C3AF24AE576C006D1D18 /* AppDelegate.swift in Sources */ = {isa = PBXBuildFile; fileRef = 8E32C3AE24AE576C006D1D18 /* AppDelegate.swift */; };
		8E32C3B124AE576C006D1D18 /* SceneDelegate.swift in Sources */ = {isa = PBXBuildFile; fileRef = 8E32C3B024AE576C006D1D18 /* SceneDelegate.swift */; };
		8E32C3B324AE576C006D1D18 /* CategoriesVC.swift in Sources */ = {isa = PBXBuildFile; fileRef = 8E32C3B224AE576C006D1D18 /* CategoriesVC.swift */; };
		8E32C3B624AE576C006D1D18 /* Main.storyboard in Resources */ = {isa = PBXBuildFile; fileRef = 8E32C3B424AE576C006D1D18 /* Main.storyboard */; };
		8E32C3B824AE5775006D1D18 /* Assets.xcassets in Resources */ = {isa = PBXBuildFile; fileRef = 8E32C3B724AE5775006D1D18 /* Assets.xcassets */; };
		8E32C3BB24AE5775006D1D18 /* LaunchScreen.storyboard in Resources */ = {isa = PBXBuildFile; fileRef = 8E32C3B924AE5775006D1D18 /* LaunchScreen.storyboard */; };
		8E32C3C824AE67DA006D1D18 /* CategoryCell.swift in Sources */ = {isa = PBXBuildFile; fileRef = 8E32C3C724AE67DA006D1D18 /* CategoryCell.swift */; };
		8E32C3CA24AE6CF4006D1D18 /* Category.swift in Sources */ = {isa = PBXBuildFile; fileRef = 8E32C3C924AE6CF4006D1D18 /* Category.swift */; };
		8E32C3CD24AE6EE3006D1D18 /* DataService.swift in Sources */ = {isa = PBXBuildFile; fileRef = 8E32C3CC24AE6EE3006D1D18 /* DataService.swift */; };
/* End PBXBuildFile section */

/* Begin PBXFileReference section */
		8E32C3AB24AE576C006D1D18 /* coder-swag.app */ = {isa = PBXFileReference; explicitFileType = wrapper.application; includeInIndex = 0; path = "coder-swag.app"; sourceTree = BUILT_PRODUCTS_DIR; };
		8E32C3AE24AE576C006D1D18 /* AppDelegate.swift */ = {isa = PBXFileReference; lastKnownFileType = sourcecode.swift; path = AppDelegate.swift; sourceTree = "<group>"; };
		8E32C3B024AE576C006D1D18 /* SceneDelegate.swift */ = {isa = PBXFileReference; lastKnownFileType = sourcecode.swift; path = SceneDelegate.swift; sourceTree = "<group>"; };
		8E32C3B224AE576C006D1D18 /* CategoriesVC.swift */ = {isa = PBXFileReference; lastKnownFileType = sourcecode.swift; path = CategoriesVC.swift; sourceTree = "<group>"; };
		8E32C3B524AE576C006D1D18 /* Base */ = {isa = PBXFileReference; lastKnownFileType = file.storyboard; name = Base; path = Base.lproj/Main.storyboard; sourceTree = "<group>"; };
		8E32C3B724AE5775006D1D18 /* Assets.xcassets */ = {isa = PBXFileReference; lastKnownFileType = folder.assetcatalog; path = Assets.xcassets; sourceTree = "<group>"; };
		8E32C3BA24AE5775006D1D18 /* Base */ = {isa = PBXFileReference; lastKnownFileType = file.storyboard; name = Base; path = Base.lproj/LaunchScreen.storyboard; sourceTree = "<group>"; };
		8E32C3BC24AE5775006D1D18 /* Info.plist */ = {isa = PBXFileReference; lastKnownFileType = text.plist.xml; path = Info.plist; sourceTree = "<group>"; };
		8E32C3C724AE67DA006D1D18 /* CategoryCell.swift */ = {isa = PBXFileReference; lastKnownFileType = sourcecode.swift; path = CategoryCell.swift; sourceTree = "<group>"; };
		8E32C3C924AE6CF4006D1D18 /* Category.swift */ = {isa = PBXFileReference; lastKnownFileType = sourcecode.swift; path = Category.swift; sourceTree = "<group>"; };
		8E32C3CC24AE6EE3006D1D18 /* DataService.swift */ = {isa = PBXFileReference; lastKnownFileType = sourcecode.swift; path = DataService.swift; sourceTree = "<group>"; };
/* End PBXFileReference section */

/* Begin PBXFrameworksBuildPhase section */
		8E32C3A824AE576C006D1D18 /* Frameworks */ = {
			isa = PBXFrameworksBuildPhase;
			buildActionMask = 2147483647;
			files = (
			);
			runOnlyForDeploymentPostprocessing = 0;
		};
/* End PBXFrameworksBuildPhase section */

/* Begin PBXGroup section */
		8E32C3A224AE576C006D1D18 = {
			isa = PBXGroup;
			children = (
				8E32C3AD24AE576C006D1D18 /* coder-swag */,
				8E32C3AC24AE576C006D1D18 /* Products */,
			);
			sourceTree = "<group>";
		};
		8E32C3AC24AE576C006D1D18 /* Products */ = {
			isa = PBXGroup;
			children = (
				8E32C3AB24AE576C006D1D18 /* coder-swag.app */,
			);
			name = Products;
			sourceTree = "<group>";
		};
		8E32C3AD24AE576C006D1D18 /* coder-swag */ = {
			isa = PBXGroup;
			children = (
				8E32C3CB24AE6EC6006D1D18 /* Services */,
				8E32C3C424AE66B2006D1D18 /* View */,
				8E32C3C324AE66A9006D1D18 /* Model */,
				8E32C3C224AE6697006D1D18 /* Controller */,
				8E32C3AE24AE576C006D1D18 /* AppDelegate.swift */,
				8E32C3B024AE576C006D1D18 /* SceneDelegate.swift */,
				8E32C3B424AE576C006D1D18 /* Main.storyboard */,
				8E32C3B724AE5775006D1D18 /* Assets.xcassets */,
				8E32C3B924AE5775006D1D18 /* LaunchScreen.storyboard */,
				8E32C3BC24AE5775006D1D18 /* Info.plist */,
			);
			path = "coder-swag";
			sourceTree = "<group>";
		};
		8E32C3C224AE6697006D1D18 /* Controller */ = {
			isa = PBXGroup;
			children = (
				8E32C3B224AE576C006D1D18 /* CategoriesVC.swift */,
			);
			path = Controller;
			sourceTree = "<group>";
		};
		8E32C3C324AE66A9006D1D18 /* Model */ = {
			isa = PBXGroup;
			children = (
				8E32C3C924AE6CF4006D1D18 /* Category.swift */,
			);
			path = Model;
			sourceTree = "<group>";
		};
		8E32C3C424AE66B2006D1D18 /* View */ = {
			isa = PBXGroup;
			children = (
				8E32C3C724AE67DA006D1D18 /* CategoryCell.swift */,
			);
			path = View;
			sourceTree = "<group>";
		};
		8E32C3CB24AE6EC6006D1D18 /* Services */ = {
			isa = PBXGroup;
			children = (
				8E32C3CC24AE6EE3006D1D18 /* DataService.swift */,
			);
			path = Services;
			sourceTree = "<group>";
		};
/* End PBXGroup section */

/* Begin PBXNativeTarget section */
		8E32C3AA24AE576C006D1D18 /* coder-swag */ = {
			isa = PBXNativeTarget;
			buildConfigurationList = 8E32C3BF24AE5775006D1D18 /* Build configuration list for PBXNativeTarget "coder-swag" */;
			buildPhases = (
				8E32C3A724AE576C006D1D18 /* Sources */,
				8E32C3A824AE576C006D1D18 /* Frameworks */,
				8E32C3A924AE576C006D1D18 /* Resources */,
			);
			buildRules = (
			);
			dependencies = (
			);
			name = "coder-swag";
			productName = "coder-swag";
			productReference = 8E32C3AB24AE576C006D1D18 /* coder-swag.app */;
			productType = "com.apple.product-type.application";
		};
/* End PBXNativeTarget section */

/* Begin PBXProject section */
		8E32C3A324AE576C006D1D18 /* Project object */ = {
			isa = PBXProject;
			attributes = {
				LastSwiftUpdateCheck = 1100;
				LastUpgradeCheck = 1100;
				ORGANIZATIONNAME = ilushk_;
				TargetAttributes = {
					8E32C3AA24AE576C006D1D18 = {
						CreatedOnToolsVersion = 11.0;
					};
				};
			};
			buildConfigurationList = 8E32C3A624AE576C006D1D18 /* Build configuration list for PBXProject "coder-swag" */;
			compatibilityVersion = "Xcode 9.3";
			developmentRegion = en;
			hasScannedForEncodings = 0;
			knownRegions = (
				en,
				Base,
			);
			mainGroup = 8E32C3A224AE576C006D1D18;
			productRefGroup = 8E32C3AC24AE576C006D1D18 /* Products */;
			projectDirPath = "";
			projectRoot = "";
			targets = (
				8E32C3AA24AE576C006D1D18 /* coder-swag */,
			);
		};
/* End PBXProject section */

/* Begin PBXResourcesBuildPhase section */
		8E32C3A924AE576C006D1D18 /* Resources */ = {
			isa = PBXResourcesBuildPhase;
			buildActionMask = 2147483647;
			files = (
				8E32C3BB24AE5775006D1D18 /* LaunchScreen.storyboard in Resources */,
				8E32C3B824AE5775006D1D18 /* Assets.xcassets in Resources */,
				8E32C3B624AE576C006D1D18 /* Main.storyboard in Resources */,
			);
			runOnlyForDeploymentPostprocessing = 0;
		};
/* End PBXResourcesBuildPhase section */

/* Begin PBXSourcesBuildPhase section */
		8E32C3A724AE576C006D1D18 /* Sources */ = {
			isa = PBXSourcesBuildPhase;
			buildActionMask = 2147483647;
			files = (
				8E32C3B324AE576C006D1D18 /* CategoriesVC.swift in Sources */,
				8E32C3CA24AE6CF4006D1D18 /* Category.swift in Sources */,
				8E32C3AF24AE576C006D1D18 /* AppDelegate.swift in Sources */,
				8E32C3CD24AE6EE3006D1D18 /* DataService.swift in Sources */,
				8E32C3B124AE576C006D1D18 /* SceneDelegate.swift in Sources */,
				8E32C3C824AE67DA006D1D18 /* CategoryCell.swift in Sources */,
			);
			runOnlyForDeploymentPostprocessing = 0;
		};
/* End PBXSourcesBuildPhase section */

/* Begin PBXVariantGroup section */
		8E32C3B424AE576C006D1D18 /* Main.storyboard */ = {
			isa = PBXVariantGroup;
			children = (
				8E32C3B524AE576C006D1D18 /* Base */,
			);
			name = Main.storyboard;
			sourceTree = "<group>";
		};
		8E32C3B924AE5775006D1D18 /* LaunchScreen.storyboard */ = {
			isa = PBXVariantGroup;
			children = (
				8E32C3BA24AE5775006D1D18 /* Base */,
			);
			name = LaunchScreen.storyboard;
			sourceTree = "<group>";
		};
/* End PBXVariantGroup section */

/* Begin XCBuildConfiguration section */
		8E32C3BD24AE5775006D1D18 /* Debug */ = {
			isa = XCBuildConfiguration;
			buildSettings = {
				ALWAYS_SEARCH_USER_PATHS = NO;
				CLANG_ANALYZER_NONNULL = YES;
				CLANG_ANALYZER_NUMBER_OBJECT_CONVERSION = YES_AGGRESSIVE;
				CLANG_CXX_LANGUAGE_STANDARD = "gnu++14";
				CLANG_CXX_LIBRARY = "libc++";
				CLANG_ENABLE_MODULES = YES;
				CLANG_ENABLE_OBJC_ARC = YES;
				CLANG_ENABLE_OBJC_WEAK = YES;
				CLANG_WARN_BLOCK_CAPTURE_AUTORELEASING = YES;
				CLANG_WARN_BOOL_CONVERSION = YES;
				CLANG_WARN_COMMA = YES;
				CLANG_WARN_CONSTANT_CONVERSION = YES;
				CLANG_WARN_DEPRECATED_OBJC_IMPLEMENTATIONS = YES;
				CLANG_WARN_DIRECT_OBJC_ISA_USAGE = YES_ERROR;
				CLANG_WARN_DOCUMENTATION_COMMENTS = YES;
				CLANG_WARN_EMPTY_BODY = YES;
				CLANG_WARN_ENUM_CONVERSION = YES;
				CLANG_WARN_INFINITE_RECURSION = YES;
				CLANG_WARN_INT_CONVERSION = YES;
				CLANG_WARN_NON_LITERAL_NULL_CONVERSION = YES;
				CLANG_WARN_OBJC_IMPLICIT_RETAIN_SELF = YES;
				CLANG_WARN_OBJC_LITERAL_CONVERSION = YES;
				CLANG_WARN_OBJC_ROOT_CLASS = YES_ERROR;
				CLANG_WARN_RANGE_LOOP_ANALYSIS = YES;
				CLANG_WARN_STRICT_PROTOTYPES = YES;
				CLANG_WARN_SUSPICIOUS_MOVE = YES;
				CLANG_WARN_UNGUARDED_AVAILABILITY = YES_AGGRESSIVE;
				CLANG_WARN_UNREACHABLE_CODE = YES;
				CLANG_WARN__DUPLICATE_METHOD_MATCH = YES;
				COPY_PHASE_STRIP = NO;
				DEBUG_INFORMATION_FORMAT = dwarf;
				ENABLE_STRICT_OBJC_MSGSEND = YES;
				ENABLE_TESTABILITY = YES;
				GCC_C_LANGUAGE_STANDARD = gnu11;
				GCC_DYNAMIC_NO_PIC = NO;
				GCC_NO_COMMON_BLOCKS = YES;
				GCC_OPTIMIZATION_LEVEL = 0;
				GCC_PREPROCESSOR_DEFINITIONS = (
					"DEBUG=1",
					"$(inherited)",
				);
				GCC_WARN_64_TO_32_BIT_CONVERSION = YES;
				GCC_WARN_ABOUT_RETURN_TYPE = YES_ERROR;
				GCC_WARN_UNDECLARED_SELECTOR = YES;
				GCC_WARN_UNINITIALIZED_AUTOS = YES_AGGRESSIVE;
				GCC_WARN_UNUSED_FUNCTION = YES;
				GCC_WARN_UNUSED_VARIABLE = YES;
				IPHONEOS_DEPLOYMENT_TARGET = 13.0;
				MTL_ENABLE_DEBUG_INFO = INCLUDE_SOURCE;
				MTL_FAST_MATH = YES;
				ONLY_ACTIVE_ARCH = YES;
				SDKROOT = iphoneos;
				SWIFT_ACTIVE_COMPILATION_CONDITIONS = DEBUG;
				SWIFT_OPTIMIZATION_LEVEL = "-Onone";
			};
			name = Debug;
		};
		8E32C3BE24AE5775006D1D18 /* Release */ = {
			isa = XCBuildConfiguration;
			buildSettings = {
				ALWAYS_SEARCH_USER_PATHS = NO;
				CLANG_ANALYZER_NONNULL = YES;
				CLANG_ANALYZER_NUMBER_OBJECT_CONVERSION = YES_AGGRESSIVE;
				CLANG_CXX_LANGUAGE_STANDARD = "gnu++14";
				CLANG_CXX_LIBRARY = "libc++";
				CLANG_ENABLE_MODULES = YES;
				CLANG_ENABLE_OBJC_ARC = YES;
				CLANG_ENABLE_OBJC_WEAK = YES;
				CLANG_WARN_BLOCK_CAPTURE_AUTORELEASING = YES;
				CLANG_WARN_BOOL_CONVERSION = YES;
				CLANG_WARN_COMMA = YES;
				CLANG_WARN_CONSTANT_CONVERSION = YES;
				CLANG_WARN_DEPRECATED_OBJC_IMPLEMENTATIONS = YES;
				CLANG_WARN_DIRECT_OBJC_ISA_USAGE = YES_ERROR;
				CLANG_WARN_DOCUMENTATION_COMMENTS = YES;
				CLANG_WARN_EMPTY_BODY = YES;
				CLANG_WARN_ENUM_CONVERSION = YES;
				CLANG_WARN_INFINITE_RECURSION = YES;
				CLANG_WARN_INT_CONVERSION = YES;
				CLANG_WARN_NON_LITERAL_NULL_CONVERSION = YES;
				CLANG_WARN_OBJC_IMPLICIT_RETAIN_SELF = YES;
				CLANG_WARN_OBJC_LITERAL_CONVERSION = YES;
				CLANG_WARN_OBJC_ROOT_CLASS = YES_ERROR;
				CLANG_WARN_RANGE_LOOP_ANALYSIS = YES;
				CLANG_WARN_STRICT_PROTOTYPES = YES;
				CLANG_WARN_SUSPICIOUS_MOVE = YES;
				CLANG_WARN_UNGUARDED_AVAILABILITY = YES_AGGRESSIVE;
				CLANG_WARN_UNREACHABLE_CODE = YES;
				CLANG_WARN__DUPLICATE_METHOD_MATCH = YES;
				COPY_PHASE_STRIP = NO;
				DEBUG_INFORMATION_FORMAT = "dwarf-with-dsym";
				ENABLE_NS_ASSERTIONS = NO;
				ENABLE_STRICT_OBJC_MSGSEND = YES;
				GCC_C_LANGUAGE_STANDARD = gnu11;
				GCC_NO_COMMON_BLOCKS = YES;
				GCC_WARN_64_TO_32_BIT_CONVERSION = YES;
				GCC_WARN_ABOUT_RETURN_TYPE = YES_ERROR;
				GCC_WARN_UNDECLARED_SELECTOR = YES;
				GCC_WARN_UNINITIALIZED_AUTOS = YES_AGGRESSIVE;
				GCC_WARN_UNUSED_FUNCTION = YES;
				GCC_WARN_UNUSED_VARIABLE = YES;
				IPHONEOS_DEPLOYMENT_TARGET = 13.0;
				MTL_ENABLE_DEBUG_INFO = NO;
				MTL_FAST_MATH = YES;
				SDKROOT = iphoneos;
				SWIFT_COMPILATION_MODE = wholemodule;
				SWIFT_OPTIMIZATION_LEVEL = "-O";
				VALIDATE_PRODUCT = YES;
			};
			name = Release;
		};
		8E32C3C024AE5775006D1D18 /* Debug */ = {
			isa = XCBuildConfiguration;
			buildSettings = {
				ASSETCATALOG_COMPILER_APPICON_NAME = AppIcon;
				CODE_SIGN_STYLE = Automatic;
				DEVELOPMENT_TEAM = FVYBMTYHRF;
				INFOPLIST_FILE = "coder-swag/Info.plist";
				LD_RUNPATH_SEARCH_PATHS = (
					"$(inherited)",
					"@executable_path/Frameworks",
				);
				PRODUCT_BUNDLE_IDENTIFIER = "kimilya50-gmail.com.coder-swag";
				PRODUCT_NAME = "$(TARGET_NAME)";
				SWIFT_VERSION = 5.0;
				TARGETED_DEVICE_FAMILY = "1,2";
			};
			name = Debug;
		};
		8E32C3C124AE5775006D1D18 /* Release */ = {
			isa = XCBuildConfiguration;
			buildSettings = {
				ASSETCATALOG_COMPILER_APPICON_NAME = AppIcon;
				CODE_SIGN_STYLE = Automatic;
				DEVELOPMENT_TEAM = FVYBMTYHRF;
				INFOPLIST_FILE = "coder-swag/Info.plist";
				LD_RUNPATH_SEARCH_PATHS = (
					"$(inherited)",
					"@executable_path/Frameworks",
				);
				PRODUCT_BUNDLE_IDENTIFIER = "kimilya50-gmail.com.coder-swag";
				PRODUCT_NAME = "$(TARGET_NAME)";
				SWIFT_VERSION = 5.0;
				TARGETED_DEVICE_FAMILY = "1,2";
			};
			name = Release;
		};
/* End XCBuildConfiguration section */

/* Begin XCConfigurationList section */
		8E32C3A624AE576C006D1D18 /* Build configuration list for PBXProject "coder-swag" */ = {
			isa = XCConfigurationList;
			buildConfigurations = (
				8E32C3BD24AE5775006D1D18 /* Debug */,
				8E32C3BE24AE5775006D1D18 /* Release */,
			);
			defaultConfigurationIsVisible = 0;
			defaultConfigurationName = Release;
		};
		8E32C3BF24AE5775006D1D18 /* Build configuration list for PBXNativeTarget "coder-swag" */ = {
			isa = XCConfigurationList;
			buildConfigurations = (
				8E32C3C024AE5775006D1D18 /* Debug */,
				8E32C3C124AE5775006D1D18 /* Release */,
			);
			defaultConfigurationIsVisible = 0;
			defaultConfigurationName = Release;
		};
/* End XCConfigurationList section */
	};
	rootObject = 8E32C3A324AE576C006D1D18 /* Project object */;
}
